// !$*UTF8*$!
{
	archiveVersion = 1;
	classes = {
	};
	objectVersion = 50;
	objects = {

/* Begin PBXBuildFile section */
		8157829321EA814F00B2F911 /* AppDelegate.swift in Sources */ = {isa = PBXBuildFile; fileRef = 8157829221EA814F00B2F911 /* AppDelegate.swift */; };
		8157829521EA814F00B2F911 /* ViewController.swift in Sources */ = {isa = PBXBuildFile; fileRef = 8157829421EA814F00B2F911 /* ViewController.swift */; };
		8157829821EA814F00B2F911 /* Main.storyboard in Resources */ = {isa = PBXBuildFile; fileRef = 8157829621EA814F00B2F911 /* Main.storyboard */; };
		8157829A21EA815000B2F911 /* Assets.xcassets in Resources */ = {isa = PBXBuildFile; fileRef = 8157829921EA815000B2F911 /* Assets.xcassets */; };
		8157829D21EA815000B2F911 /* LaunchScreen.storyboard in Resources */ = {isa = PBXBuildFile; fileRef = 8157829B21EA815000B2F911 /* LaunchScreen.storyboard */; };
		815782A821EA8D1400B2F911 /* ClothesClassifier.swift in Sources */ = {isa = PBXBuildFile; fileRef = 815782A721EA8D1400B2F911 /* ClothesClassifier.swift */; };
/* End PBXBuildFile section */

/* Begin PBXFileReference section */
		8157828F21EA814F00B2F911 /* Fashionably.app */ = {isa = PBXFileReference; explicitFileType = wrapper.application; includeInIndex = 0; path = Fashionably.app; sourceTree = BUILT_PRODUCTS_DIR; };
		8157829221EA814F00B2F911 /* AppDelegate.swift */ = {isa = PBXFileReference; lastKnownFileType = sourcecode.swift; path = AppDelegate.swift; sourceTree = "<group>"; };
		8157829421EA814F00B2F911 /* ViewController.swift */ = {isa = PBXFileReference; lastKnownFileType = sourcecode.swift; path = ViewController.swift; sourceTree = "<group>"; };
		8157829721EA814F00B2F911 /* Base */ = {isa = PBXFileReference; lastKnownFileType = file.storyboard; name = Base; path = Base.lproj/Main.storyboard; sourceTree = "<group>"; };
		8157829921EA815000B2F911 /* Assets.xcassets */ = {isa = PBXFileReference; lastKnownFileType = folder.assetcatalog; path = Assets.xcassets; sourceTree = "<group>"; };
		8157829C21EA815000B2F911 /* Base */ = {isa = PBXFileReference; lastKnownFileType = file.storyboard; name = Base; path = Base.lproj/LaunchScreen.storyboard; sourceTree = "<group>"; };
		8157829E21EA815000B2F911 /* Info.plist */ = {isa = PBXFileReference; lastKnownFileType = text.plist.xml; path = Info.plist; sourceTree = "<group>"; };
		815782A721EA8D1400B2F911 /* ClothesClassifier.swift */ = {isa = PBXFileReference; lastKnownFileType = sourcecode.swift; path = ClothesClassifier.swift; sourceTree = "<group>"; };
/* End PBXFileReference section */

/* Begin PBXFrameworksBuildPhase section */
		8157828C21EA814F00B2F911 /* Frameworks */ = {
			isa = PBXFrameworksBuildPhase;
			buildActionMask = 2147483647;
			files = (
			);
			runOnlyForDeploymentPostprocessing = 0;
		};
/* End PBXFrameworksBuildPhase section */

/* Begin PBXGroup section */
		8157828621EA814F00B2F911 = {
			isa = PBXGroup;
			children = (
				8157829121EA814F00B2F911 /* Fashionably */,
				8157829021EA814F00B2F911 /* Products */,
			);
			sourceTree = "<group>";
		};
		8157829021EA814F00B2F911 /* Products */ = {
			isa = PBXGroup;
			children = (
				8157828F21EA814F00B2F911 /* Fashionably.app */,
			);
			name = Products;
			sourceTree = "<group>";
		};
		8157829121EA814F00B2F911 /* Fashionably */ = {
			isa = PBXGroup;
			children = (
				815782A621EA8CEE00B2F911 /* Controller */,
				815782A521EA8CE400B2F911 /* View */,
				815782A421EA8CCD00B2F911 /* Model */,
				8157829921EA815000B2F911 /* Assets.xcassets */,
				8157829E21EA815000B2F911 /* Info.plist */,
			);
			path = Fashionably;
			sourceTree = "<group>";
		};
		815782A421EA8CCD00B2F911 /* Model */ = {
			isa = PBXGroup;
			children = (
				815782A721EA8D1400B2F911 /* ClothesClassifier.swift */,
			);
			path = Model;
			sourceTree = "<group>";
		};
		815782A521EA8CE400B2F911 /* View */ = {
			isa = PBXGroup;
			children = (
				8157829B21EA815000B2F911 /* LaunchScreen.storyboard */,
				8157829621EA814F00B2F911 /* Main.storyboard */,
			);
			path = View;
			sourceTree = "<group>";
		};
		815782A621EA8CEE00B2F911 /* Controller */ = {
			isa = PBXGroup;
			children = (
				8157829221EA814F00B2F911 /* AppDelegate.swift */,
				8157829421EA814F00B2F911 /* ViewController.swift */,
			);
			path = Controller;
			sourceTree = "<group>";
		};
/* End PBXGroup section */

/* Begin PBXNativeTarget section */
		8157828E21EA814F00B2F911 /* Fashionably */ = {
			isa = PBXNativeTarget;
			buildConfigurationList = 815782A121EA815000B2F911 /* Build configuration list for PBXNativeTarget "Fashionably" */;
			buildPhases = (
				8157828B21EA814F00B2F911 /* Sources */,
				8157828C21EA814F00B2F911 /* Frameworks */,
				8157828D21EA814F00B2F911 /* Resources */,
			);
			buildRules = (
			);
			dependencies = (
			);
			name = Fashionably;
			productName = Fashionably;
			productReference = 8157828F21EA814F00B2F911 /* Fashionably.app */;
			productType = "com.apple.product-type.application";
		};
/* End PBXNativeTarget section */

/* Begin PBXProject section */
		8157828721EA814F00B2F911 /* Project object */ = {
			isa = PBXProject;
			attributes = {
				LastSwiftUpdateCheck = 0940;
				LastUpgradeCheck = 0940;
				ORGANIZATIONNAME = "Hrithvik  Alex";
				TargetAttributes = {
					8157828E21EA814F00B2F911 = {
						CreatedOnToolsVersion = 9.4.1;
					};
				};
			};
			buildConfigurationList = 8157828A21EA814F00B2F911 /* Build configuration list for PBXProject "Fashionably" */;
			compatibilityVersion = "Xcode 9.3";
			developmentRegion = en;
			hasScannedForEncodings = 0;
			knownRegions = (
				en,
				Base,
			);
			mainGroup = 8157828621EA814F00B2F911;
			productRefGroup = 8157829021EA814F00B2F911 /* Products */;
			projectDirPath = "";
			projectRoot = "";
			targets = (
				8157828E21EA814F00B2F911 /* Fashionably */,
			);
		};
/* End PBXProject section */

/* Begin PBXResourcesBuildPhase section */
		8157828D21EA814F00B2F911 /* Resources */ = {
			isa = PBXResourcesBuildPhase;
			buildActionMask = 2147483647;
			files = (
				8157829D21EA815000B2F911 /* LaunchScreen.storyboard in Resources */,
				8157829A21EA815000B2F911 /* Assets.xcassets in Resources */,
				8157829821EA814F00B2F911 /* Main.storyboard in Resources */,
			);
			runOnlyForDeploymentPostprocessing = 0;
		};
/* End PBXResourcesBuildPhase section */

/* Begin PBXSourcesBuildPhase section */
		8157828B21EA814F00B2F911 /* Sources */ = {
			isa = PBXSourcesBuildPhase;
			buildActionMask = 2147483647;
			files = (
				8157829521EA814F00B2F911 /* ViewController.swift in Sources */,
				815782A821EA8D1400B2F911 /* ClothesClassifier.swift in Sources */,
				8157829321EA814F00B2F911 /* AppDelegate.swift in Sources */,
			);
			runOnlyForDeploymentPostprocessing = 0;
		};
/* End PBXSourcesBuildPhase section */

/* Begin PBXVariantGroup section */
		8157829621EA814F00B2F911 /* Main.storyboard */ = {
			isa = PBXVariantGroup;
			children = (
				8157829721EA814F00B2F911 /* Base */,
			);
			name = Main.storyboard;
			sourceTree = "<group>";
		};
		8157829B21EA815000B2F911 /* LaunchScreen.storyboard */ = {
			isa = PBXVariantGroup;
			children = (
				8157829C21EA815000B2F911 /* Base */,
			);
			name = LaunchScreen.storyboard;
			sourceTree = "<group>";
		};
/* End PBXVariantGroup section */

/* Begin XCBuildConfiguration section */
		8157829F21EA815000B2F911 /* Debug */ = {
			isa = XCBuildConfiguration;
			buildSettings = {
				ALWAYS_SEARCH_USER_PATHS = NO;
				CLANG_ANALYZER_NONNULL = YES;
				CLANG_ANALYZER_NUMBER_OBJECT_CONVERSION = YES_AGGRESSIVE;
				CLANG_CXX_LANGUAGE_STANDARD = "gnu++14";
				CLANG_CXX_LIBRARY = "libc++";
				CLANG_ENABLE_MODULES = YES;
				CLANG_ENABLE_OBJC_ARC = YES;
				CLANG_ENABLE_OBJC_WEAK = YES;
				CLANG_WARN_BLOCK_CAPTURE_AUTORELEASING = YES;
				CLANG_WARN_BOOL_CONVERSION = YES;
				CLANG_WARN_COMMA = YES;
				CLANG_WARN_CONSTANT_CONVERSION = YES;
				CLANG_WARN_DEPRECATED_OBJC_IMPLEMENTATIONS = YES;
				CLANG_WARN_DIRECT_OBJC_ISA_USAGE = YES_ERROR;
				CLANG_WARN_DOCUMENTATION_COMMENTS = YES;
				CLANG_WARN_EMPTY_BODY = YES;
				CLANG_WARN_ENUM_CONVERSION = YES;
				CLANG_WARN_INFINITE_RECURSION = YES;
				CLANG_WARN_INT_CONVERSION = YES;
				CLANG_WARN_NON_LITERAL_NULL_CONVERSION = YES;
				CLANG_WARN_OBJC_IMPLICIT_RETAIN_SELF = YES;
				CLANG_WARN_OBJC_LITERAL_CONVERSION = YES;
				CLANG_WARN_OBJC_ROOT_CLASS = YES_ERROR;
				CLANG_WARN_RANGE_LOOP_ANALYSIS = YES;
				CLANG_WARN_STRICT_PROTOTYPES = YES;
				CLANG_WARN_SUSPICIOUS_MOVE = YES;
				CLANG_WARN_UNGUARDED_AVAILABILITY = YES_AGGRESSIVE;
				CLANG_WARN_UNREACHABLE_CODE = YES;
				CLANG_WARN__DUPLICATE_METHOD_MATCH = YES;
				CODE_SIGN_IDENTITY = "iPhone Developer";
				COPY_PHASE_STRIP = NO;
				DEBUG_INFORMATION_FORMAT = dwarf;
				ENABLE_STRICT_OBJC_MSGSEND = YES;
				ENABLE_TESTABILITY = YES;
				GCC_C_LANGUAGE_STANDARD = gnu11;
				GCC_DYNAMIC_NO_PIC = NO;
				GCC_NO_COMMON_BLOCKS = YES;
				GCC_OPTIMIZATION_LEVEL = 0;
				GCC_PREPROCESSOR_DEFINITIONS = (
					"DEBUG=1",
					"$(inherited)",
				);
				GCC_WARN_64_TO_32_BIT_CONVERSION = YES;
				GCC_WARN_ABOUT_RETURN_TYPE = YES_ERROR;
				GCC_WARN_UNDECLARED_SELECTOR = YES;
				GCC_WARN_UNINITIALIZED_AUTOS = YES_AGGRESSIVE;
				GCC_WARN_UNUSED_FUNCTION = YES;
				GCC_WARN_UNUSED_VARIABLE = YES;
				IPHONEOS_DEPLOYMENT_TARGET = 11.4;
				MTL_ENABLE_DEBUG_INFO = YES;
				ONLY_ACTIVE_ARCH = YES;
				SDKROOT = iphoneos;
				SWIFT_ACTIVE_COMPILATION_CONDITIONS = DEBUG;
				SWIFT_OPTIMIZATION_LEVEL = "-Onone";
			};
			name = Debug;
		};
		815782A021EA815000B2F911 /* Release */ = {
			isa = XCBuildConfiguration;
			buildSettings = {
				ALWAYS_SEARCH_USER_PATHS = NO;
				CLANG_ANALYZER_NONNULL = YES;
				CLANG_ANALYZER_NUMBER_OBJECT_CONVERSION = YES_AGGRESSIVE;
				CLANG_CXX_LANGUAGE_STANDARD = "gnu++14";
				CLANG_CXX_LIBRARY = "libc++";
				CLANG_ENABLE_MODULES = YES;
				CLANG_ENABLE_OBJC_ARC = YES;
				CLANG_ENABLE_OBJC_WEAK = YES;
				CLANG_WARN_BLOCK_CAPTURE_AUTORELEASING = YES;
				CLANG_WARN_BOOL_CONVERSION = YES;
				CLANG_WARN_COMMA = YES;
				CLANG_WARN_CONSTANT_CONVERSION = YES;
				CLANG_WARN_DEPRECATED_OBJC_IMPLEMENTATIONS = YES;
				CLANG_WARN_DIRECT_OBJC_ISA_USAGE = YES_ERROR;
				CLANG_WARN_DOCUMENTATION_COMMENTS = YES;
				CLANG_WARN_EMPTY_BODY = YES;
				CLANG_WARN_ENUM_CONVERSION = YES;
				CLANG_WARN_INFINITE_RECURSION = YES;
				CLANG_WARN_INT_CONVERSION = YES;
				CLANG_WARN_NON_LITERAL_NULL_CONVERSION = YES;
				CLANG_WARN_OBJC_IMPLICIT_RETAIN_SELF = YES;
				CLANG_WARN_OBJC_LITERAL_CONVERSION = YES;
				CLANG_WARN_OBJC_ROOT_CLASS = YES_ERROR;
				CLANG_WARN_RANGE_LOOP_ANALYSIS = YES;
				CLANG_WARN_STRICT_PROTOTYPES = YES;
				CLANG_WARN_SUSPICIOUS_MOVE = YES;
				CLANG_WARN_UNGUARDED_AVAILABILITY = YES_AGGRESSIVE;
				CLANG_WARN_UNREACHABLE_CODE = YES;
				CLANG_WARN__DUPLICATE_METHOD_MATCH = YES;
				CODE_SIGN_IDENTITY = "iPhone Developer";
				COPY_PHASE_STRIP = NO;
				DEBUG_INFORMATION_FORMAT = "dwarf-with-dsym";
				ENABLE_NS_ASSERTIONS = NO;
				ENABLE_STRICT_OBJC_MSGSEND = YES;
				GCC_C_LANGUAGE_STANDARD = gnu11;
				GCC_NO_COMMON_BLOCKS = YES;
				GCC_WARN_64_TO_32_BIT_CONVERSION = YES;
				GCC_WARN_ABOUT_RETURN_TYPE = YES_ERROR;
				GCC_WARN_UNDECLARED_SELECTOR = YES;
				GCC_WARN_UNINITIALIZED_AUTOS = YES_AGGRESSIVE;
				GCC_WARN_UNUSED_FUNCTION = YES;
				GCC_WARN_UNUSED_VARIABLE = YES;
				IPHONEOS_DEPLOYMENT_TARGET = 11.4;
				MTL_ENABLE_DEBUG_INFO = NO;
				SDKROOT = iphoneos;
				SWIFT_COMPILATION_MODE = wholemodule;
				SWIFT_OPTIMIZATION_LEVEL = "-O";
				VALIDATE_PRODUCT = YES;
			};
			name = Release;
		};
		815782A221EA815000B2F911 /* Debug */ = {
			isa = XCBuildConfiguration;
			buildSettings = {
				ASSETCATALOG_COMPILER_APPICON_NAME = AppIcon;
				CODE_SIGN_STYLE = Automatic;
				DEVELOPMENT_TEAM = 3UR7A598CG;
				INFOPLIST_FILE = Fashionably/Info.plist;
				LD_RUNPATH_SEARCH_PATHS = (
					"$(inherited)",
					"@executable_path/Frameworks",
				);
				PRODUCT_BUNDLE_IDENTIFIER = "com.Hrithvik-Alex.Fashionably";
				PRODUCT_NAME = "$(TARGET_NAME)";
				SWIFT_VERSION = 4.0;
				TARGETED_DEVICE_FAMILY = "1,2";
			};
			name = Debug;
		};
		815782A321EA815000B2F911 /* Release */ = {
			isa = XCBuildConfiguration;
			buildSettings = {
				ASSETCATALOG_COMPILER_APPICON_NAME = AppIcon;
				CODE_SIGN_STYLE = Automatic;
				DEVELOPMENT_TEAM = 3UR7A598CG;
				INFOPLIST_FILE = Fashionably/Info.plist;
				LD_RUNPATH_SEARCH_PATHS = (
					"$(inherited)",
					"@executable_path/Frameworks",
				);
				PRODUCT_BUNDLE_IDENTIFIER = "com.Hrithvik-Alex.Fashionably";
				PRODUCT_NAME = "$(TARGET_NAME)";
				SWIFT_VERSION = 4.0;
				TARGETED_DEVICE_FAMILY = "1,2";
			};
			name = Release;
		};
/* End XCBuildConfiguration section */

/* Begin XCConfigurationList section */
		8157828A21EA814F00B2F911 /* Build configuration list for PBXProject "Fashionably" */ = {
			isa = XCConfigurationList;
			buildConfigurations = (
				8157829F21EA815000B2F911 /* Debug */,
				815782A021EA815000B2F911 /* Release */,
			);
			defaultConfigurationIsVisible = 0;
			defaultConfigurationName = Release;
		};
		815782A121EA815000B2F911 /* Build configuration list for PBXNativeTarget "Fashionably" */ = {
			isa = XCConfigurationList;
			buildConfigurations = (
				815782A221EA815000B2F911 /* Debug */,
				815782A321EA815000B2F911 /* Release */,
			);
			defaultConfigurationIsVisible = 0;
			defaultConfigurationName = Release;
		};
/* End XCConfigurationList section */
	};
	rootObject = 8157828721EA814F00B2F911 /* Project object */;
}
